<?xml version="1.0" encoding="utf-8"?>
<Project ToolsVersion="4.0" xmlns="http://schemas.microsoft.com/developer/msbuild/2003">
  <ItemGroup>
    <Filter Include="win32">
      <UniqueIdentifier>{84a8ebd7-7cf0-47f6-b75e-d441df67da40}</UniqueIdentifier>
    </Filter>
    <Filter Include="resource">
      <UniqueIdentifier>{715254bc-d70b-4ec5-bf29-467dd3ace079}</UniqueIdentifier>
    </Filter>
    <Filter Include="src">
      <UniqueIdentifier>{bb6c862e-70e9-49d9-81b7-3829a6f50471}</UniqueIdentifier>
    </Filter>
  </ItemGroup>
  <ItemGroup>
    <ClCompile Include="main.cpp">
      <Filter>win32</Filter>
    </ClCompile>
    <ClCompile Include="..\Classes\AppDelegate.cpp">
      <Filter>src</Filter>
    </ClCompile>
    <ClCompile Include="..\Classes\ToyaAvatarModel.cpp">
      <Filter>src</Filter>
    </ClCompile>
    <ClCompile Include="..\Classes\ToyaBlockModel.cpp">
      <Filter>src</Filter>
    </ClCompile>
    <ClCompile Include="..\Classes\ToyaExitDoorModel.cpp">
      <Filter>src</Filter>
    </ClCompile>
    <ClCompile Include="..\Classes\ToyaGameController.cpp">
      <Filter>src</Filter>
    </ClCompile>
    <ClCompile Include="..\Classes\ToyaGameRoot.cpp">
      <Filter>src</Filter>
    </ClCompile>
    <ClCompile Include="..\Classes\ToyaGameView.cpp">
      <Filter>src</Filter>
    </ClCompile>
    <ClCompile Include="..\Classes\ToyaInputController.cpp">
      <Filter>src</Filter>
    </ClCompile>
    <ClCompile Include="..\Classes\ToyaLevelModel.cpp">
      <Filter>src</Filter>
    </ClCompile>
    <ClCompile Include="..\Classes\ToyaMenuModel.cpp">
      <Filter>src</Filter>
    </ClCompile>
    <ClCompile Include="..\Classes\ToyaMenuView.cpp">
      <Filter>src</Filter>
    </ClCompile>
    <ClCompile Include="..\Classes\ToyaOverviewModel.cpp">
      <Filter>src</Filter>
    </ClCompile>
    <ClCompile Include="..\Classes\ToyaPanelModel.cpp">
      <Filter>src</Filter>
    </ClCompile>
    <ClCompile Include="..\Classes\ToyaProgressController.cpp">
      <Filter>src</Filter>
    </ClCompile>
    <ClCompile Include="..\Classes\ToyaRemovableBlockModel.cpp">
      <Filter>src</Filter>
    </ClCompile>
    <ClCompile Include="..\Classes\ToyaWorldModel.cpp">
      <Filter>src</Filter>
    </ClCompile>
  </ItemGroup>
  <ItemGroup>
    <ClInclude Include="main.h">
      <Filter>win32</Filter>
    </ClInclude>
    <ClInclude Include="..\Classes\AppDelegate.h">
      <Filter>src</Filter>
    </ClInclude>
    <ClInclude Include="..\Classes\ToyaAvatarModel.h">
      <Filter>src</Filter>
    </ClInclude>
    <ClInclude Include="..\Classes\ToyaBlockFactory.h">
      <Filter>src</Filter>
    </ClInclude>
    <ClInclude Include="..\Classes\ToyaBlockModel.h">
      <Filter>src</Filter>
    </ClInclude>
    <ClInclude Include="..\Classes\ToyaConstructionSpellModel.h">
      <Filter>src</Filter>
    </ClInclude>
    <ClInclude Include="..\Classes\ToyaDestructionSpellModel.h">
      <Filter>src</Filter>
    </ClInclude>
    <ClInclude Include="..\Classes\ToyaExitDoorModel.h">
      <Filter>src</Filter>
    </ClInclude>
    <ClInclude Include="..\Classes\ToyaGameController.h">
      <Filter>src</Filter>
    </ClInclude>
    <ClInclude Include="..\Classes\ToyaGameRoot.h">
      <Filter>src</Filter>
    </ClInclude>
    <ClInclude Include="..\Classes\ToyaGameView.h">
      <Filter>src</Filter>
    </ClInclude>
    <ClInclude Include="..\Classes\ToyaInputController.h">
      <Filter>src</Filter>
    </ClInclude>
    <ClInclude Include="..\Classes\ToyaLevelConstants.h">
      <Filter>src</Filter>
    </ClInclude>
    <ClInclude Include="..\Classes\ToyaLevelModel.h">
      <Filter>src</Filter>
    </ClInclude>
    <ClInclude Include="..\Classes\ToyaMenuModel.h">
      <Filter>src</Filter>
    </ClInclude>
    <ClInclude Include="..\Classes\ToyaMenuView.h">
      <Filter>src</Filter>
    </ClInclude>
    <ClInclude Include="..\Classes\ToyaOverviewModel.h">
      <Filter>src</Filter>
    </ClInclude>
    <ClInclude Include="..\Classes\ToyaPanelModel.h">
      <Filter>src</Filter>
    </ClInclude>
    <ClInclude Include="..\Classes\ToyaProgressController.h">
      <Filter>src</Filter>
    </ClInclude>
    <ClInclude Include="..\Classes\ToyaRemovableBlockModel.h">
      <Filter>src</Filter>
    </ClInclude>
    <ClInclude Include="..\Classes\ToyaSpellModel.h">
      <Filter>src</Filter>
    </ClInclude>
    <ClInclude Include="..\Classes\ToyaWorldModel.h">
      <Filter>src</Filter>
    </ClInclude>
  </ItemGroup>
  <ItemGroup>
    <ResourceCompile Include="game.rc">
      <Filter>resource</Filter>
    </ResourceCompile>
  </ItemGroup>
</Project>